
Microsoft Visual Studio Solution File, Format Version 12.00
# Visual Studio 15
VisualStudioVersion = 15.0.33529.398
MinimumVisualStudioVersion = 10.0.40219.1
Project("{FAE04EC0-301F-11D3-BF4B-00C04F79EFBC}") = "WindowsFormsApp40", "WindowsFormsApp40\WindowsFormsApp40.csproj", "{A5E87B71-09E2-4260-8910-159B7BE9C285}"
EndProject
Global
	GlobalSection(SolutionConfigurationPlatforms) = preSolution
		Debug|Any CPU = Debug|Any CPU
		Release|Any CPU = Release|Any CPU
	EndGlobalSection
	GlobalSection(ProjectConfigurationPlatforms) = postSolution
		{A5E87B71-09E2-4260-8910-159B7BE9C285}.Debug|Any CPU.ActiveCfg = Debug|Any CPU
		{A5E87B71-09E2-4260-8910-159B7BE9C285}.Debug|Any CPU.Build.0 = Debug|Any CPU
		{A5E87B71-09E2-4260-8910-159B7BE9C285}.Release|Any CPU.ActiveCfg = Release|Any CPU
		{A5E87B71-09E2-4260-8910-159B7BE9C285}.Release|Any CPU.Build.0 = Release|Any CPU
	EndGlobalSection
	GlobalSection(SolutionProperties) = preSolution
		HideSolutionNode = FALSE
	EndGlobalSection
	GlobalSection(ExtensibilityGlobals) = postSolution
		SolutionGuid = {482FDFAF-8046-4F21-A896-911415D4CD99}
	EndGlobalSection
EndGlobal
